
Microsoft Visual Studio Solution File, Format Version 12.00
# Visual Studio Version 16
VisualStudioVersion = 16.0.29001.49
MinimumVisualStudioVersion = 15.0.26124.0
Project("{FAE04EC0-301F-11D3-BF4B-00C04F79EFBC}") = "GatewayApi", "GatewayApi\GatewayApi\GatewayApi.csproj", "{964857CE-CF91-4D8F-9E77-6329DFFADC87}"
EndProject
Global
	GlobalSection(SolutionConfigurationPlatforms) = preSolution
		Debug|Any CPU = Debug|Any CPU
		Release|Any CPU = Release|Any CPU
	EndGlobalSection
	GlobalSection(ProjectConfigurationPlatforms) = postSolution
		{964857CE-CF91-4D8F-9E77-6329DFFADC87}.Debug|Any CPU.ActiveCfg = Debug|Any CPU
		{964857CE-CF91-4D8F-9E77-6329DFFADC87}.Debug|Any CPU.Build.0 = Debug|Any CPU
		{964857CE-CF91-4D8F-9E77-6329DFFADC87}.Release|Any CPU.ActiveCfg = Release|Any CPU
		{964857CE-CF91-4D8F-9E77-6329DFFADC87}.Release|Any CPU.Build.0 = Release|Any CPU
	EndGlobalSection
	GlobalSection(SolutionProperties) = preSolution
		HideSolutionNode = FALSE
	EndGlobalSection
	GlobalSection(ExtensibilityGlobals) = postSolution
		SolutionGuid = {5D01A939-37C3-46EA-B6FE-5FFA4C2939C0}
	EndGlobalSection
EndGlobal
